
Microsoft Visual Studio Solution File, Format Version 12.00
# Visual Studio Version 17
VisualStudioVersion = 17.5.002.0
MinimumVisualStudioVersion = 10.0.40219.1
Project("{2150E333-8FDC-42A3-9474-1A3956D46DE8}") = "cloud-resume", "cloud-resume", "{8108EC57-BEAF-4D40-984B-FBE62CEB1E93}"
EndProject
Project("{2150E333-8FDC-42A3-9474-1A3956D46DE8}") = "backend", "backend", "{88B69040-D361-4C54-B69F-FA82F20CFE8E}"
EndProject
Project("{9A19103F-16F7-4668-BE54-9A1E7A4F7556}") = "api", "cloud-resume\backend\Api\api.csproj", "{A2428A73-AACC-492A-ADD6-F3BCF615469B}"
EndProject
Global
	GlobalSection(SolutionConfigurationPlatforms) = preSolution
		Debug|Any CPU = Debug|Any CPU
		Release|Any CPU = Release|Any CPU
	EndGlobalSection
	GlobalSection(ProjectConfigurationPlatforms) = postSolution
		{A2428A73-AACC-492A-ADD6-F3BCF615469B}.Debug|Any CPU.ActiveCfg = Debug|Any CPU
		{A2428A73-AACC-492A-ADD6-F3BCF615469B}.Debug|Any CPU.Build.0 = Debug|Any CPU
		{A2428A73-AACC-492A-ADD6-F3BCF615469B}.Release|Any CPU.ActiveCfg = Release|Any CPU
		{A2428A73-AACC-492A-ADD6-F3BCF615469B}.Release|Any CPU.Build.0 = Release|Any CPU
	EndGlobalSection
	GlobalSection(SolutionProperties) = preSolution
		HideSolutionNode = FALSE
	EndGlobalSection
	GlobalSection(NestedProjects) = preSolution
		{88B69040-D361-4C54-B69F-FA82F20CFE8E} = {8108EC57-BEAF-4D40-984B-FBE62CEB1E93}
		{A2428A73-AACC-492A-ADD6-F3BCF615469B} = {88B69040-D361-4C54-B69F-FA82F20CFE8E}
	EndGlobalSection
	GlobalSection(ExtensibilityGlobals) = postSolution
		SolutionGuid = {9F3BD03E-141C-43EB-9E9C-4F4DD2292FA7}
	EndGlobalSection
EndGlobal
